// !$*UTF8*$!
{
	archiveVersion = 1;
	classes = {
	};
	objectVersion = 50;
	objects = {

/* Begin PBXBuildFile section */
		B19F81AA2709717500BE81E0 /* AppDelegate.swift in Sources */ = {isa = PBXBuildFile; fileRef = B19F81A92709717500BE81E0 /* AppDelegate.swift */; };
		B19F81AC2709717500BE81E0 /* SceneDelegate.swift in Sources */ = {isa = PBXBuildFile; fileRef = B19F81AB2709717500BE81E0 /* SceneDelegate.swift */; };
		B19F81AE2709717500BE81E0 /* PromptViewController.swift in Sources */ = {isa = PBXBuildFile; fileRef = B19F81AD2709717500BE81E0 /* PromptViewController.swift */; };
		B19F81B12709717500BE81E0 /* Main.storyboard in Resources */ = {isa = PBXBuildFile; fileRef = B19F81AF2709717500BE81E0 /* Main.storyboard */; };
		B19F81B32709717600BE81E0 /* Assets.xcassets in Resources */ = {isa = PBXBuildFile; fileRef = B19F81B22709717600BE81E0 /* Assets.xcassets */; };
		B19F81B62709717600BE81E0 /* LaunchScreen.storyboard in Resources */ = {isa = PBXBuildFile; fileRef = B19F81B42709717600BE81E0 /* LaunchScreen.storyboard */; };
		B19F81DE2709720000BE81E0 /* User.swift in Sources */ = {isa = PBXBuildFile; fileRef = B19F81DD2709720000BE81E0 /* User.swift */; };
		B19F81E02709720C00BE81E0 /* Prompt.swift in Sources */ = {isa = PBXBuildFile; fileRef = B19F81DF2709720C00BE81E0 /* Prompt.swift */; };
		B19F81E22709721600BE81E0 /* Submission.swift in Sources */ = {isa = PBXBuildFile; fileRef = B19F81E12709721600BE81E0 /* Submission.swift */; };
		B19F81E4270973D800BE81E0 /* SignInViewController.swift in Sources */ = {isa = PBXBuildFile; fileRef = B19F81E3270973D800BE81E0 /* SignInViewController.swift */; };
		B1BB278A270BDFAB00E97916 /* ResultsViewController.swift in Sources */ = {isa = PBXBuildFile; fileRef = B1BB2789270BDFAB00E97916 /* ResultsViewController.swift */; };
/* End PBXBuildFile section */

/* Begin PBXContainerItemProxy section */
		B19F81BD2709717700BE81E0 /* PBXContainerItemProxy */ = {
			isa = PBXContainerItemProxy;
			containerPortal = B19F819E2709717500BE81E0 /* Project object */;
			proxyType = 1;
			remoteGlobalIDString = B19F81A52709717500BE81E0;
			remoteInfo = anonymousGame;
		};
		B19F81C82709717700BE81E0 /* PBXContainerItemProxy */ = {
			isa = PBXContainerItemProxy;
			containerPortal = B19F819E2709717500BE81E0 /* Project object */;
			proxyType = 1;
			remoteGlobalIDString = B19F81A52709717500BE81E0;
			remoteInfo = anonymousGame;
		};
/* End PBXContainerItemProxy section */

/* Begin PBXFileReference section */
		B19F81A92709717500BE81E0 /* AppDelegate.swift */ = {isa = PBXFileReference; lastKnownFileType = sourcecode.swift; path = AppDelegate.swift; sourceTree = "<group>"; };
		B19F81AB2709717500BE81E0 /* SceneDelegate.swift */ = {isa = PBXFileReference; lastKnownFileType = sourcecode.swift; path = SceneDelegate.swift; sourceTree = "<group>"; };
		B19F81AD2709717500BE81E0 /* PromptViewController.swift */ = {isa = PBXFileReference; lastKnownFileType = sourcecode.swift; path = PromptViewController.swift; sourceTree = "<group>"; };
		B19F81B02709717500BE81E0 /* Base */ = {isa = PBXFileReference; lastKnownFileType = file.storyboard; name = Base; path = Base.lproj/Main.storyboard; sourceTree = "<group>"; };
		B19F81B22709717600BE81E0 /* Assets.xcassets */ = {isa = PBXFileReference; lastKnownFileType = folder.assetcatalog; path = Assets.xcassets; sourceTree = "<group>"; };
		B19F81B52709717600BE81E0 /* Base */ = {isa = PBXFileReference; lastKnownFileType = file.storyboard; name = Base; path = Base.lproj/LaunchScreen.storyboard; sourceTree = "<group>"; };
		B19F81B72709717600BE81E0 /* Info.plist */ = {isa = PBXFileReference; lastKnownFileType = text.plist.xml; path = Info.plist; sourceTree = "<group>"; };
		B19F81DD2709720000BE81E0 /* User.swift */ = {isa = PBXFileReference; lastKnownFileType = sourcecode.swift; path = User.swift; sourceTree = "<group>"; };
		B19F81DF2709720C00BE81E0 /* Prompt.swift */ = {isa = PBXFileReference; lastKnownFileType = sourcecode.swift; path = Prompt.swift; sourceTree = "<group>"; };
		B19F81E12709721600BE81E0 /* Submission.swift */ = {isa = PBXFileReference; lastKnownFileType = sourcecode.swift; path = Submission.swift; sourceTree = "<group>"; };
		B19F81E3270973D800BE81E0 /* SignInViewController.swift */ = {isa = PBXFileReference; lastKnownFileType = sourcecode.swift; path = SignInViewController.swift; sourceTree = "<group>"; };
		B1BB2786270BDA1900E97916 /* anonymousGame.app */ = {isa = PBXFileReference; explicitFileType = wrapper.application; includeInIndex = 0; path = anonymousGame.app; sourceTree = BUILT_PRODUCTS_DIR; };
		B1BB2787270BDA1900E97916 /* anonymousGameTests.xctest */ = {isa = PBXFileReference; explicitFileType = wrapper.cfbundle; includeInIndex = 0; path = anonymousGameTests.xctest; sourceTree = BUILT_PRODUCTS_DIR; };
		B1BB2788270BDA1900E97916 /* anonymousGameUITests.xctest */ = {isa = PBXFileReference; explicitFileType = wrapper.cfbundle; includeInIndex = 0; path = anonymousGameUITests.xctest; sourceTree = BUILT_PRODUCTS_DIR; };
		B1BB2789270BDFAB00E97916 /* ResultsViewController.swift */ = {isa = PBXFileReference; lastKnownFileType = sourcecode.swift; path = ResultsViewController.swift; sourceTree = "<group>"; };
/* End PBXFileReference section */

/* Begin PBXFrameworksBuildPhase section */
		B19F81A32709717500BE81E0 /* Frameworks */ = {
			isa = PBXFrameworksBuildPhase;
			buildActionMask = 2147483647;
			files = (
			);
			runOnlyForDeploymentPostprocessing = 0;
		};
		B19F81B92709717700BE81E0 /* Frameworks */ = {
			isa = PBXFrameworksBuildPhase;
			buildActionMask = 2147483647;
			files = (
			);
			runOnlyForDeploymentPostprocessing = 0;
		};
		B19F81C42709717700BE81E0 /* Frameworks */ = {
			isa = PBXFrameworksBuildPhase;
			buildActionMask = 2147483647;
			files = (
			);
			runOnlyForDeploymentPostprocessing = 0;
		};
/* End PBXFrameworksBuildPhase section */

/* Begin PBXGroup section */
		B19F819D2709717500BE81E0 = {
			isa = PBXGroup;
			children = (
				B19F81A82709717500BE81E0 /* anonymousGame */,
				B1BB2786270BDA1900E97916 /* anonymousGame.app */,
				B1BB2787270BDA1900E97916 /* anonymousGameTests.xctest */,
				B1BB2788270BDA1900E97916 /* anonymousGameUITests.xctest */,
			);
			sourceTree = "<group>";
		};
		B19F81A82709717500BE81E0 /* anonymousGame */ = {
			isa = PBXGroup;
			children = (
				B19F81A92709717500BE81E0 /* AppDelegate.swift */,
				B19F81AB2709717500BE81E0 /* SceneDelegate.swift */,
				B19F81B22709717600BE81E0 /* Assets.xcassets */,
				B19F81B72709717600BE81E0 /* Info.plist */,
				B19F81DB270971C500BE81E0 /* Controller */,
				B19F81DA270971BF00BE81E0 /* View */,
				B19F81D9270971BA00BE81E0 /* Model */,
			);
			path = anonymousGame;
			sourceTree = "<group>";
		};
		B19F81D9270971BA00BE81E0 /* Model */ = {
			isa = PBXGroup;
			children = (
				B19F81DD2709720000BE81E0 /* User.swift */,
				B19F81DF2709720C00BE81E0 /* Prompt.swift */,
				B19F81E12709721600BE81E0 /* Submission.swift */,
			);
			path = Model;
			sourceTree = "<group>";
		};
		B19F81DA270971BF00BE81E0 /* View */ = {
			isa = PBXGroup;
			children = (
				B19F81AF2709717500BE81E0 /* Main.storyboard */,
				B19F81B42709717600BE81E0 /* LaunchScreen.storyboard */,
			);
			path = View;
			sourceTree = "<group>";
		};
		B19F81DB270971C500BE81E0 /* Controller */ = {
			isa = PBXGroup;
			children = (
				B19F81AD2709717500BE81E0 /* PromptViewController.swift */,
				B19F81E3270973D800BE81E0 /* SignInViewController.swift */,
				B1BB2789270BDFAB00E97916 /* ResultsViewController.swift */,
			);
			path = Controller;
			sourceTree = "<group>";
		};
/* End PBXGroup section */

/* Begin PBXNativeTarget section */
		B19F81A52709717500BE81E0 /* anonymousGame */ = {
			isa = PBXNativeTarget;
			buildConfigurationList = B19F81D02709717700BE81E0 /* Build configuration list for PBXNativeTarget "anonymousGame" */;
			buildPhases = (
				B19F81A22709717500BE81E0 /* Sources */,
				B19F81A32709717500BE81E0 /* Frameworks */,
				B19F81A42709717500BE81E0 /* Resources */,
			);
			buildRules = (
			);
			dependencies = (
			);
			name = anonymousGame;
			productName = anonymousGame;
			productReference = B1BB2786270BDA1900E97916 /* anonymousGame.app */;
			productType = "com.apple.product-type.application";
		};
		B19F81BB2709717700BE81E0 /* anonymousGameTests */ = {
			isa = PBXNativeTarget;
			buildConfigurationList = B19F81D32709717700BE81E0 /* Build configuration list for PBXNativeTarget "anonymousGameTests" */;
			buildPhases = (
				B19F81B82709717700BE81E0 /* Sources */,
				B19F81B92709717700BE81E0 /* Frameworks */,
				B19F81BA2709717700BE81E0 /* Resources */,
			);
			buildRules = (
			);
			dependencies = (
				B19F81BE2709717700BE81E0 /* PBXTargetDependency */,
			);
			name = anonymousGameTests;
			productName = anonymousGameTests;
			productReference = B1BB2787270BDA1900E97916 /* anonymousGameTests.xctest */;
			productType = "com.apple.product-type.bundle.unit-test";
		};
		B19F81C62709717700BE81E0 /* anonymousGameUITests */ = {
			isa = PBXNativeTarget;
			buildConfigurationList = B19F81D62709717700BE81E0 /* Build configuration list for PBXNativeTarget "anonymousGameUITests" */;
			buildPhases = (
				B19F81C32709717700BE81E0 /* Sources */,
				B19F81C42709717700BE81E0 /* Frameworks */,
				B19F81C52709717700BE81E0 /* Resources */,
			);
			buildRules = (
			);
			dependencies = (
				B19F81C92709717700BE81E0 /* PBXTargetDependency */,
			);
			name = anonymousGameUITests;
			productName = anonymousGameUITests;
			productReference = B1BB2788270BDA1900E97916 /* anonymousGameUITests.xctest */;
			productType = "com.apple.product-type.bundle.ui-testing";
		};
/* End PBXNativeTarget section */

/* Begin PBXProject section */
		B19F819E2709717500BE81E0 /* Project object */ = {
			isa = PBXProject;
			attributes = {
				LastSwiftUpdateCheck = 1250;
				LastUpgradeCheck = 1250;
				TargetAttributes = {
					B19F81A52709717500BE81E0 = {
						CreatedOnToolsVersion = 12.5.1;
					};
					B19F81BB2709717700BE81E0 = {
						CreatedOnToolsVersion = 12.5.1;
						TestTargetID = B19F81A52709717500BE81E0;
					};
					B19F81C62709717700BE81E0 = {
						CreatedOnToolsVersion = 12.5.1;
						TestTargetID = B19F81A52709717500BE81E0;
					};
				};
			};
			buildConfigurationList = B19F81A12709717500BE81E0 /* Build configuration list for PBXProject "anonymousGame" */;
			compatibilityVersion = "Xcode 9.3";
			developmentRegion = en;
			hasScannedForEncodings = 0;
			knownRegions = (
				en,
				Base,
			);
			mainGroup = B19F819D2709717500BE81E0;
			productRefGroup = B19F819D2709717500BE81E0;
			projectDirPath = "";
			projectRoot = "";
			targets = (
				B19F81A52709717500BE81E0 /* anonymousGame */,
				B19F81BB2709717700BE81E0 /* anonymousGameTests */,
				B19F81C62709717700BE81E0 /* anonymousGameUITests */,
			);
		};
/* End PBXProject section */

/* Begin PBXResourcesBuildPhase section */
		B19F81A42709717500BE81E0 /* Resources */ = {
			isa = PBXResourcesBuildPhase;
			buildActionMask = 2147483647;
			files = (
				B19F81B62709717600BE81E0 /* LaunchScreen.storyboard in Resources */,
				B19F81B32709717600BE81E0 /* Assets.xcassets in Resources */,
				B19F81B12709717500BE81E0 /* Main.storyboard in Resources */,
			);
			runOnlyForDeploymentPostprocessing = 0;
		};
		B19F81BA2709717700BE81E0 /* Resources */ = {
			isa = PBXResourcesBuildPhase;
			buildActionMask = 2147483647;
			files = (
			);
			runOnlyForDeploymentPostprocessing = 0;
		};
		B19F81C52709717700BE81E0 /* Resources */ = {
			isa = PBXResourcesBuildPhase;
			buildActionMask = 2147483647;
			files = (
			);
			runOnlyForDeploymentPostprocessing = 0;
		};
/* End PBXResourcesBuildPhase section */

/* Begin PBXSourcesBuildPhase section */
		B19F81A22709717500BE81E0 /* Sources */ = {
			isa = PBXSourcesBuildPhase;
			buildActionMask = 2147483647;
			files = (
				B19F81E4270973D800BE81E0 /* SignInViewController.swift in Sources */,
				B19F81DE2709720000BE81E0 /* User.swift in Sources */,
				B19F81AE2709717500BE81E0 /* PromptViewController.swift in Sources */,
				B19F81AA2709717500BE81E0 /* AppDelegate.swift in Sources */,
				B19F81E22709721600BE81E0 /* Submission.swift in Sources */,
				B19F81AC2709717500BE81E0 /* SceneDelegate.swift in Sources */,
				B19F81E02709720C00BE81E0 /* Prompt.swift in Sources */,
				B1BB278A270BDFAB00E97916 /* ResultsViewController.swift in Sources */,
			);
			runOnlyForDeploymentPostprocessing = 0;
		};
		B19F81B82709717700BE81E0 /* Sources */ = {
			isa = PBXSourcesBuildPhase;
			buildActionMask = 2147483647;
			files = (
			);
			runOnlyForDeploymentPostprocessing = 0;
		};
		B19F81C32709717700BE81E0 /* Sources */ = {
			isa = PBXSourcesBuildPhase;
			buildActionMask = 2147483647;
			files = (
			);
			runOnlyForDeploymentPostprocessing = 0;
		};
/* End PBXSourcesBuildPhase section */

/* Begin PBXTargetDependency section */
		B19F81BE2709717700BE81E0 /* PBXTargetDependency */ = {
			isa = PBXTargetDependency;
			target = B19F81A52709717500BE81E0 /* anonymousGame */;
			targetProxy = B19F81BD2709717700BE81E0 /* PBXContainerItemProxy */;
		};
		B19F81C92709717700BE81E0 /* PBXTargetDependency */ = {
			isa = PBXTargetDependency;
			target = B19F81A52709717500BE81E0 /* anonymousGame */;
			targetProxy = B19F81C82709717700BE81E0 /* PBXContainerItemProxy */;
		};
/* End PBXTargetDependency section */

/* Begin PBXVariantGroup section */
		B19F81AF2709717500BE81E0 /* Main.storyboard */ = {
			isa = PBXVariantGroup;
			children = (
				B19F81B02709717500BE81E0 /* Base */,
			);
			name = Main.storyboard;
			sourceTree = "<group>";
		};
		B19F81B42709717600BE81E0 /* LaunchScreen.storyboard */ = {
			isa = PBXVariantGroup;
			children = (
				B19F81B52709717600BE81E0 /* Base */,
			);
			name = LaunchScreen.storyboard;
			sourceTree = "<group>";
		};
/* End PBXVariantGroup section */

/* Begin XCBuildConfiguration section */
		B19F81CE2709717700BE81E0 /* Debug */ = {
			isa = XCBuildConfiguration;
			buildSettings = {
				ALWAYS_SEARCH_USER_PATHS = NO;
				CLANG_ANALYZER_NONNULL = YES;
				CLANG_ANALYZER_NUMBER_OBJECT_CONVERSION = YES_AGGRESSIVE;
				CLANG_CXX_LANGUAGE_STANDARD = "gnu++14";
				CLANG_CXX_LIBRARY = "libc++";
				CLANG_ENABLE_MODULES = YES;
				CLANG_ENABLE_OBJC_ARC = YES;
				CLANG_ENABLE_OBJC_WEAK = YES;
				CLANG_WARN_BLOCK_CAPTURE_AUTORELEASING = YES;
				CLANG_WARN_BOOL_CONVERSION = YES;
				CLANG_WARN_COMMA = YES;
				CLANG_WARN_CONSTANT_CONVERSION = YES;
				CLANG_WARN_DEPRECATED_OBJC_IMPLEMENTATIONS = YES;
				CLANG_WARN_DIRECT_OBJC_ISA_USAGE = YES_ERROR;
				CLANG_WARN_DOCUMENTATION_COMMENTS = YES;
				CLANG_WARN_EMPTY_BODY = YES;
				CLANG_WARN_ENUM_CONVERSION = YES;
				CLANG_WARN_INFINITE_RECURSION = YES;
				CLANG_WARN_INT_CONVERSION = YES;
				CLANG_WARN_NON_LITERAL_NULL_CONVERSION = YES;
				CLANG_WARN_OBJC_IMPLICIT_RETAIN_SELF = YES;
				CLANG_WARN_OBJC_LITERAL_CONVERSION = YES;
				CLANG_WARN_OBJC_ROOT_CLASS = YES_ERROR;
				CLANG_WARN_QUOTED_INCLUDE_IN_FRAMEWORK_HEADER = YES;
				CLANG_WARN_RANGE_LOOP_ANALYSIS = YES;
				CLANG_WARN_STRICT_PROTOTYPES = YES;
				CLANG_WARN_SUSPICIOUS_MOVE = YES;
				CLANG_WARN_UNGUARDED_AVAILABILITY = YES_AGGRESSIVE;
				CLANG_WARN_UNREACHABLE_CODE = YES;
				CLANG_WARN__DUPLICATE_METHOD_MATCH = YES;
				COPY_PHASE_STRIP = NO;
				DEBUG_INFORMATION_FORMAT = dwarf;
				ENABLE_STRICT_OBJC_MSGSEND = YES;
				ENABLE_TESTABILITY = YES;
				GCC_C_LANGUAGE_STANDARD = gnu11;
				GCC_DYNAMIC_NO_PIC = NO;
				GCC_NO_COMMON_BLOCKS = YES;
				GCC_OPTIMIZATION_LEVEL = 0;
				GCC_PREPROCESSOR_DEFINITIONS = (
					"DEBUG=1",
					"$(inherited)",
				);
				GCC_WARN_64_TO_32_BIT_CONVERSION = YES;
				GCC_WARN_ABOUT_RETURN_TYPE = YES_ERROR;
				GCC_WARN_UNDECLARED_SELECTOR = YES;
				GCC_WARN_UNINITIALIZED_AUTOS = YES_AGGRESSIVE;
				GCC_WARN_UNUSED_FUNCTION = YES;
				GCC_WARN_UNUSED_VARIABLE = YES;
				IPHONEOS_DEPLOYMENT_TARGET = 14.5;
				MTL_ENABLE_DEBUG_INFO = INCLUDE_SOURCE;
				MTL_FAST_MATH = YES;
				ONLY_ACTIVE_ARCH = YES;
				SDKROOT = iphoneos;
				SWIFT_ACTIVE_COMPILATION_CONDITIONS = DEBUG;
				SWIFT_OPTIMIZATION_LEVEL = "-Onone";
			};
			name = Debug;
		};
		B19F81CF2709717700BE81E0 /* Release */ = {
			isa = XCBuildConfiguration;
			buildSettings = {
				ALWAYS_SEARCH_USER_PATHS = NO;
				CLANG_ANALYZER_NONNULL = YES;
				CLANG_ANALYZER_NUMBER_OBJECT_CONVERSION = YES_AGGRESSIVE;
				CLANG_CXX_LANGUAGE_STANDARD = "gnu++14";
				CLANG_CXX_LIBRARY = "libc++";
				CLANG_ENABLE_MODULES = YES;
				CLANG_ENABLE_OBJC_ARC = YES;
				CLANG_ENABLE_OBJC_WEAK = YES;
				CLANG_WARN_BLOCK_CAPTURE_AUTORELEASING = YES;
				CLANG_WARN_BOOL_CONVERSION = YES;
				CLANG_WARN_COMMA = YES;
				CLANG_WARN_CONSTANT_CONVERSION = YES;
				CLANG_WARN_DEPRECATED_OBJC_IMPLEMENTATIONS = YES;
				CLANG_WARN_DIRECT_OBJC_ISA_USAGE = YES_ERROR;
				CLANG_WARN_DOCUMENTATION_COMMENTS = YES;
				CLANG_WARN_EMPTY_BODY = YES;
				CLANG_WARN_ENUM_CONVERSION = YES;
				CLANG_WARN_INFINITE_RECURSION = YES;
				CLANG_WARN_INT_CONVERSION = YES;
				CLANG_WARN_NON_LITERAL_NULL_CONVERSION = YES;
				CLANG_WARN_OBJC_IMPLICIT_RETAIN_SELF = YES;
				CLANG_WARN_OBJC_LITERAL_CONVERSION = YES;
				CLANG_WARN_OBJC_ROOT_CLASS = YES_ERROR;
				CLANG_WARN_QUOTED_INCLUDE_IN_FRAMEWORK_HEADER = YES;
				CLANG_WARN_RANGE_LOOP_ANALYSIS = YES;
				CLANG_WARN_STRICT_PROTOTYPES = YES;
				CLANG_WARN_SUSPICIOUS_MOVE = YES;
				CLANG_WARN_UNGUARDED_AVAILABILITY = YES_AGGRESSIVE;
				CLANG_WARN_UNREACHABLE_CODE = YES;
				CLANG_WARN__DUPLICATE_METHOD_MATCH = YES;
				COPY_PHASE_STRIP = NO;
				DEBUG_INFORMATION_FORMAT = "dwarf-with-dsym";
				ENABLE_NS_ASSERTIONS = NO;
				ENABLE_STRICT_OBJC_MSGSEND = YES;
				GCC_C_LANGUAGE_STANDARD = gnu11;
				GCC_NO_COMMON_BLOCKS = YES;
				GCC_WARN_64_TO_32_BIT_CONVERSION = YES;
				GCC_WARN_ABOUT_RETURN_TYPE = YES_ERROR;
				GCC_WARN_UNDECLARED_SELECTOR = YES;
				GCC_WARN_UNINITIALIZED_AUTOS = YES_AGGRESSIVE;
				GCC_WARN_UNUSED_FUNCTION = YES;
				GCC_WARN_UNUSED_VARIABLE = YES;
				IPHONEOS_DEPLOYMENT_TARGET = 14.5;
				MTL_ENABLE_DEBUG_INFO = NO;
				MTL_FAST_MATH = YES;
				SDKROOT = iphoneos;
				SWIFT_COMPILATION_MODE = wholemodule;
				SWIFT_OPTIMIZATION_LEVEL = "-O";
				VALIDATE_PRODUCT = YES;
			};
			name = Release;
		};
		B19F81D12709717700BE81E0 /* Debug */ = {
			isa = XCBuildConfiguration;
			buildSettings = {
				ASSETCATALOG_COMPILER_APPICON_NAME = AppIcon;
				ASSETCATALOG_COMPILER_GLOBAL_ACCENT_COLOR_NAME = AccentColor;
				CODE_SIGN_STYLE = Automatic;
				DEVELOPMENT_TEAM = 638FLLMGVC;
				INFOPLIST_FILE = anonymousGame/Info.plist;
				LD_RUNPATH_SEARCH_PATHS = (
					"$(inherited)",
					"@executable_path/Frameworks",
				);
				PRODUCT_BUNDLE_IDENTIFIER = com.ladv.anonymousGame;
				PRODUCT_NAME = "$(TARGET_NAME)";
				SWIFT_VERSION = 5.0;
				TARGETED_DEVICE_FAMILY = "1,2";
			};
			name = Debug;
		};
		B19F81D22709717700BE81E0 /* Release */ = {
			isa = XCBuildConfiguration;
			buildSettings = {
				ASSETCATALOG_COMPILER_APPICON_NAME = AppIcon;
				ASSETCATALOG_COMPILER_GLOBAL_ACCENT_COLOR_NAME = AccentColor;
				CODE_SIGN_STYLE = Automatic;
				DEVELOPMENT_TEAM = 638FLLMGVC;
				INFOPLIST_FILE = anonymousGame/Info.plist;
				LD_RUNPATH_SEARCH_PATHS = (
					"$(inherited)",
					"@executable_path/Frameworks",
				);
				PRODUCT_BUNDLE_IDENTIFIER = com.ladv.anonymousGame;
				PRODUCT_NAME = "$(TARGET_NAME)";
				SWIFT_VERSION = 5.0;
				TARGETED_DEVICE_FAMILY = "1,2";
			};
			name = Release;
		};
		B19F81D42709717700BE81E0 /* Debug */ = {
			isa = XCBuildConfiguration;
			buildSettings = {
				ALWAYS_EMBED_SWIFT_STANDARD_LIBRARIES = YES;
				BUNDLE_LOADER = "$(TEST_HOST)";
				CODE_SIGN_STYLE = Automatic;
				DEVELOPMENT_TEAM = 638FLLMGVC;
				INFOPLIST_FILE = anonymousGameTests/Info.plist;
				IPHONEOS_DEPLOYMENT_TARGET = 14.5;
				LD_RUNPATH_SEARCH_PATHS = (
					"$(inherited)",
					"@executable_path/Frameworks",
					"@loader_path/Frameworks",
				);
				PRODUCT_BUNDLE_IDENTIFIER = com.ladv.anonymousGameTests;
				PRODUCT_NAME = "$(TARGET_NAME)";
				SWIFT_VERSION = 5.0;
				TARGETED_DEVICE_FAMILY = "1,2";
				TEST_HOST = "$(BUILT_PRODUCTS_DIR)/anonymousGame.app/anonymousGame";
			};
			name = Debug;
		};
		B19F81D52709717700BE81E0 /* Release */ = {
			isa = XCBuildConfiguration;
			buildSettings = {
				ALWAYS_EMBED_SWIFT_STANDARD_LIBRARIES = YES;
				BUNDLE_LOADER = "$(TEST_HOST)";
				CODE_SIGN_STYLE = Automatic;
				DEVELOPMENT_TEAM = 638FLLMGVC;
				INFOPLIST_FILE = anonymousGameTests/Info.plist;
				IPHONEOS_DEPLOYMENT_TARGET = 14.5;
				LD_RUNPATH_SEARCH_PATHS = (
					"$(inherited)",
					"@executable_path/Frameworks",
					"@loader_path/Frameworks",
				);
				PRODUCT_BUNDLE_IDENTIFIER = com.ladv.anonymousGameTests;
				PRODUCT_NAME = "$(TARGET_NAME)";
				SWIFT_VERSION = 5.0;
				TARGETED_DEVICE_FAMILY = "1,2";
				TEST_HOST = "$(BUILT_PRODUCTS_DIR)/anonymousGame.app/anonymousGame";
			};
			name = Release;
		};
		B19F81D72709717700BE81E0 /* Debug */ = {
			isa = XCBuildConfiguration;
			buildSettings = {
				ALWAYS_EMBED_SWIFT_STANDARD_LIBRARIES = YES;
				CODE_SIGN_STYLE = Automatic;
				DEVELOPMENT_TEAM = 638FLLMGVC;
				INFOPLIST_FILE = anonymousGameUITests/Info.plist;
				LD_RUNPATH_SEARCH_PATHS = (
					"$(inherited)",
					"@executable_path/Frameworks",
					"@loader_path/Frameworks",
				);
				PRODUCT_BUNDLE_IDENTIFIER = com.ladv.anonymousGameUITests;
				PRODUCT_NAME = "$(TARGET_NAME)";
				SWIFT_VERSION = 5.0;
				TARGETED_DEVICE_FAMILY = "1,2";
				TEST_TARGET_NAME = anonymousGame;
			};
			name = Debug;
		};
		B19F81D82709717700BE81E0 /* Release */ = {
			isa = XCBuildConfiguration;
			buildSettings = {
				ALWAYS_EMBED_SWIFT_STANDARD_LIBRARIES = YES;
				CODE_SIGN_STYLE = Automatic;
				DEVELOPMENT_TEAM = 638FLLMGVC;
				INFOPLIST_FILE = anonymousGameUITests/Info.plist;
				LD_RUNPATH_SEARCH_PATHS = (
					"$(inherited)",
					"@executable_path/Frameworks",
					"@loader_path/Frameworks",
				);
				PRODUCT_BUNDLE_IDENTIFIER = com.ladv.anonymousGameUITests;
				PRODUCT_NAME = "$(TARGET_NAME)";
				SWIFT_VERSION = 5.0;
				TARGETED_DEVICE_FAMILY = "1,2";
				TEST_TARGET_NAME = anonymousGame;
			};
			name = Release;
		};
/* End XCBuildConfiguration section */

/* Begin XCConfigurationList section */
		B19F81A12709717500BE81E0 /* Build configuration list for PBXProject "anonymousGame" */ = {
			isa = XCConfigurationList;
			buildConfigurations = (
				B19F81CE2709717700BE81E0 /* Debug */,
				B19F81CF2709717700BE81E0 /* Release */,
			);
			defaultConfigurationIsVisible = 0;
			defaultConfigurationName = Release;
		};
		B19F81D02709717700BE81E0 /* Build configuration list for PBXNativeTarget "anonymousGame" */ = {
			isa = XCConfigurationList;
			buildConfigurations = (
				B19F81D12709717700BE81E0 /* Debug */,
				B19F81D22709717700BE81E0 /* Release */,
			);
			defaultConfigurationIsVisible = 0;
			defaultConfigurationName = Release;
		};
		B19F81D32709717700BE81E0 /* Build configuration list for PBXNativeTarget "anonymousGameTests" */ = {
			isa = XCConfigurationList;
			buildConfigurations = (
				B19F81D42709717700BE81E0 /* Debug */,
				B19F81D52709717700BE81E0 /* Release */,
			);
			defaultConfigurationIsVisible = 0;
			defaultConfigurationName = Release;
		};
		B19F81D62709717700BE81E0 /* Build configuration list for PBXNativeTarget "anonymousGameUITests" */ = {
			isa = XCConfigurationList;
			buildConfigurations = (
				B19F81D72709717700BE81E0 /* Debug */,
				B19F81D82709717700BE81E0 /* Release */,
			);
			defaultConfigurationIsVisible = 0;
			defaultConfigurationName = Release;
		};
/* End XCConfigurationList section */
	};
	rootObject = B19F819E2709717500BE81E0 /* Project object */;
}
